name: 'Bodyguard'

on:
  schedule:
    - cron: '0 0 * * *'

jobs:
  lock:
    runs-on: ubuntu-latest
    permissions:
      issues: write
    steps:
      - uses: dessant/lock-threads@v6
        with:
          issue-inactive-days: '40'
          issue-comment: >
            This issue has been automatically locked since there
            has not been any recent activity after it was closed.
            Please open a new issue for related bugs.
          issue-lock-reason: 'resolved'
          exclude-any-issue-labels: ''
          process-only: 'issues'
